
Microsoft Visual Studio Solution File, Format Version 12.00
# Visual Studio Version 16
VisualStudioVersion = 16.0.30523.141
MinimumVisualStudioVersion = 10.0.40219.1
Project("{F184B08F-C81C-45F6-A57F-5ABD9991F28F}") = "NumberGuess", "NumberGuess.vbproj", "{3E965AA9-997E-4F48-894E-F4B8B8E0FD7D}"
EndProject
Global
	GlobalSection(SolutionConfigurationPlatforms) = preSolution
		Debug|Any CPU = Debug|Any CPU
		Release|Any CPU = Release|Any CPU
	EndGlobalSection
	GlobalSection(ProjectConfigurationPlatforms) = postSolution
		{3E965AA9-997E-4F48-894E-F4B8B8E0FD7D}.Debug|Any CPU.ActiveCfg = Debug|Any CPU
		{3E965AA9-997E-4F48-894E-F4B8B8E0FD7D}.Debug|Any CPU.Build.0 = Debug|Any CPU
		{3E965AA9-997E-4F48-894E-F4B8B8E0FD7D}.Release|Any CPU.ActiveCfg = Release|Any CPU
		{3E965AA9-997E-4F48-894E-F4B8B8E0FD7D}.Release|Any CPU.Build.0 = Release|Any CPU
	EndGlobalSection
	GlobalSection(SolutionProperties) = preSolution
		HideSolutionNode = FALSE
	EndGlobalSection
	GlobalSection(ExtensibilityGlobals) = postSolution
		SolutionGuid = {64BC7526-0E3A-4DB5-92D2-91533CBEF4F9}
	EndGlobalSection
EndGlobal
